
Microsoft Visual Studio Solution File, Format Version 12.00
# Visual Studio 2013
VisualStudioVersion = 12.0.31101.0
MinimumVisualStudioVersion = 10.0.40219.1
Project("{2150E333-8FDC-42A3-9474-1A3956D46DE8}") = "_Core", "_Core", "{3981AA82-C894-4EB7-89F8-5E2493541930}"
EndProject
Project("{2150E333-8FDC-42A3-9474-1A3956D46DE8}") = "_FrameWork", "_FrameWork", "{000C8490-E2BB-4D4A-A061-21A26700EB51}"
EndProject
Project("{2150E333-8FDC-42A3-9474-1A3956D46DE8}") = "Web", "Web", "{D29605E1-E535-4D99-8ADE-D08590DC3280}"
EndProject
Project("{2150E333-8FDC-42A3-9474-1A3956D46DE8}") = "Plugin", "Plugin", "{8D00B953-1B2F-4640-B8EB-ECEE989EE593}"
EndProject
Project("{2150E333-8FDC-42A3-9474-1A3956D46DE8}") = "Test", "Test", "{9CBEEC28-804C-4879-8172-521A10E1D376}"
EndProject
Project("{2150E333-8FDC-42A3-9474-1A3956D46DE8}") = "Tool", "Tool", "{BC84FA45-B4EC-4744-A9BB-C328A942A4EA}"
EndProject
Project("{2150E333-8FDC-42A3-9474-1A3956D46DE8}") = "Account", "Account", "{2FD7B171-041C-48C7-ABA4-99CEAF56D7C2}"
EndProject
Project("{FAE04EC0-301F-11D3-BF4B-00C04F79EFBC}") = "Smart.Framework.DALFactory", "Smart.Framework.DALFactory\Smart.Framework.DALFactory.csproj", "{B24C3A57-67CF-4C82-9299-FFE4A03CD66B}"
EndProject
Project("{FAE04EC0-301F-11D3-BF4B-00C04F79EFBC}") = "Smart.Framework.BLL", "Smart.Framework.BLL\Smart.Framework.BLL.csproj", "{B205F752-7883-42C6-9B81-CF2930EB1385}"
EndProject
Project("{FAE04EC0-301F-11D3-BF4B-00C04F79EFBC}") = "Smart.Framewrok.DBUtility", "Smart.Framewrok.DBUtility\Smart.Framewrok.DBUtility.csproj", "{9F9164B5-60DE-4544-B7FB-CEB97D7E42DC}"
EndProject
Project("{FAE04EC0-301F-11D3-BF4B-00C04F79EFBC}") = "Smart.Framework.Utility", "Smart.Framework.Utility\Smart.Framework.Utility.csproj", "{FFB7AD8A-A002-4267-8657-863F00B28BD3}"
EndProject
Project("{FAE04EC0-301F-11D3-BF4B-00C04F79EFBC}") = "Smart.Framework.Model", "Smart.Framework.Model\Smart.Framework.Model.csproj", "{5CD89D52-9221-4665-92A8-2D243279AD9A}"
EndProject
Project("{FAE04EC0-301F-11D3-BF4B-00C04F79EFBC}") = "Smart.Framework.Contract", "Smart.Framework.Contract\Smart.Framework.Contract.csproj", "{7D2847FE-2F8E-45CB-BA5C-3EB13C521298}"
EndProject
Project("{FAE04EC0-301F-11D3-BF4B-00C04F79EFBC}") = "SmartWeb", "SmartWeb\SmartWeb.csproj", "{36C010BA-3B49-4B47-BC73-C5F36A608E27}"
EndProject
Project("{FAE04EC0-301F-11D3-BF4B-00C04F79EFBC}") = "ProducerConsoleApplication", "ProducerConsoleApplication\ProducerConsoleApplication.csproj", "{22C7702C-4D13-4EAE-ADC7-D63548EE99BA}"
EndProject
Project("{FAE04EC0-301F-11D3-BF4B-00C04F79EFBC}") = "ConsumerConsoleApplication", "ConsumerConsoleApplication\ConsumerConsoleApplication.csproj", "{3B7A9692-EC99-4D03-9F25-74E45E12D3AE}"
EndProject
Project("{FAE04EC0-301F-11D3-BF4B-00C04F79EFBC}") = "UntilTool", "UntilTool\UntilTool.csproj", "{89CE4694-BC4C-45F1-B1AB-B1B6C096011F}"
EndProject
Project("{FAE04EC0-301F-11D3-BF4B-00C04F79EFBC}") = "Smart.Core.Log", "Smart.Core.Log\Smart.Core.Log.csproj", "{DA26EB6D-7964-4669-A199-F1894FAD3409}"
EndProject
Project("{FAE04EC0-301F-11D3-BF4B-00C04F79EFBC}") = "Smart.Core.Cache", "Smart.Core.Cache\Smart.Core.Cache.csproj", "{7FBA37D3-6E47-49AD-9CD4-22E61F25D341}"
EndProject
Project("{FAE04EC0-301F-11D3-BF4B-00C04F79EFBC}") = "Smart.Core.Config", "Smart.Core.Config\Smart.Core.Config.csproj", "{FA88DC08-3EF7-4CA8-BE94-97D6761EFD87}"
EndProject
Project("{FAE04EC0-301F-11D3-BF4B-00C04F79EFBC}") = "Smart.Core.Module", "Smart.Core.Module\Smart.Core.Module.csproj", "{03A2D6F8-FA53-498E-BD12-DCAE76E01807}"
EndProject
Project("{FAE04EC0-301F-11D3-BF4B-00C04F79EFBC}") = "Smart.Core.Service", "Smart.Core.Service\Smart.Core.Service.csproj", "{B13EC142-DD9D-4F78-BCB7-7126640FF9E0}"
EndProject
Project("{FAE04EC0-301F-11D3-BF4B-00C04F79EFBC}") = "Smart.Core.Upload", "Smart.Core.Upload\Smart.Core.Upload.csproj", "{8558E120-A3E0-41E8-84F4-2279FCD668AE}"
EndProject
Project("{FAE04EC0-301F-11D3-BF4B-00C04F79EFBC}") = "Smart.Framework.Web", "Smart.Framework.Web\Smart.Framework.Web.csproj", "{0A900875-7943-4D43-B195-948E260A0314}"
EndProject
Project("{FAE04EC0-301F-11D3-BF4B-00C04F79EFBC}") = "Smart.Framework.DAL", "Smart.Framework.DAL\Smart.Framework.DAL.csproj", "{99BCA5FE-11E8-41B6-9D50-538E088A1F88}"
EndProject
Project("{FAE04EC0-301F-11D3-BF4B-00C04F79EFBC}") = "Smart.Framework.DAL.SqlServer", "Smart.Framework.DAL.SqlServer\Smart.Framework.DAL.SqlServer.csproj", "{F2DDD270-9BE5-4811-8031-E70E702EEFF2}"
EndProject
Project("{FAE04EC0-301F-11D3-BF4B-00C04F79EFBC}") = "Smart.Framework.DAL.Oracle", "Smart.Framework.DAL.Oracle\Smart.Framework.DAL.Oracle.csproj", "{3C869966-DAB8-4524-A141-102BEDB2E5D2}"
EndProject
Project("{FAE04EC0-301F-11D3-BF4B-00C04F79EFBC}") = "Smart.Framework.DAL.MongoDB", "Smart.Framework.DAL.MongoDB\Smart.Framework.DAL.MongoDB.csproj", "{1C843A3B-791B-4731-AE0A-B231CB43EF43}"
EndProject
Project("{FAE04EC0-301F-11D3-BF4B-00C04F79EFBC}") = "Smart.Account.DAL", "Smart.Account.DAL\Smart.Account.DAL.csproj", "{3A38DD94-8D91-4501-9416-3C7BC9B5F195}"
EndProject
Project("{FAE04EC0-301F-11D3-BF4B-00C04F79EFBC}") = "Smart.Account.Contract", "Smart.Account.Contract\Smart.Account.Contract.csproj", "{E2027894-DD5D-4B2B-9B56-B2A3293390F1}"
EndProject
Project("{FAE04EC0-301F-11D3-BF4B-00C04F79EFBC}") = "Smart.Account.BLL", "Smart.Account.BLL\Smart.Account.BLL.csproj", "{757159A7-4AA0-405A-9AC3-437F30B5DAC9}"
EndProject
Project("{FAE04EC0-301F-11D3-BF4B-00C04F79EFBC}") = "SmartWeb_ShuDao", "SmartWeb_ShuDao\SmartWeb_ShuDao.csproj", "{B7DDC738-3568-4979-8F52-228D732D8595}"
EndProject
Project("{FAE04EC0-301F-11D3-BF4B-00C04F79EFBC}") = "Smart.Core.Config.Test", "Smart.Core.Config.Test\Smart.Core.Config.Test.csproj", "{732A353F-C588-408A-AC80-4832952A1820}"
EndProject
Project("{FAE04EC0-301F-11D3-BF4B-00C04F79EFBC}") = "Smart.Core.TemplateEngine", "Smart.Core.TemplateEngine\Smart.Core.TemplateEngine.csproj", "{E13F9DFE-97B4-4CB3-9A9F-B79FAEF7DBC4}"
EndProject
Global
	GlobalSection(SolutionConfigurationPlatforms) = preSolution
		Debug|Any CPU = Debug|Any CPU
		Release|Any CPU = Release|Any CPU
	EndGlobalSection
	GlobalSection(ProjectConfigurationPlatforms) = postSolution
		{B24C3A57-67CF-4C82-9299-FFE4A03CD66B}.Debug|Any CPU.ActiveCfg = Debug|Any CPU
		{B24C3A57-67CF-4C82-9299-FFE4A03CD66B}.Debug|Any CPU.Build.0 = Debug|Any CPU
		{B24C3A57-67CF-4C82-9299-FFE4A03CD66B}.Release|Any CPU.ActiveCfg = Release|Any CPU
		{B24C3A57-67CF-4C82-9299-FFE4A03CD66B}.Release|Any CPU.Build.0 = Release|Any CPU
		{B205F752-7883-42C6-9B81-CF2930EB1385}.Debug|Any CPU.ActiveCfg = Debug|Any CPU
		{B205F752-7883-42C6-9B81-CF2930EB1385}.Debug|Any CPU.Build.0 = Debug|Any CPU
		{B205F752-7883-42C6-9B81-CF2930EB1385}.Release|Any CPU.ActiveCfg = Release|Any CPU
		{B205F752-7883-42C6-9B81-CF2930EB1385}.Release|Any CPU.Build.0 = Release|Any CPU
		{9F9164B5-60DE-4544-B7FB-CEB97D7E42DC}.Debug|Any CPU.ActiveCfg = Debug|Any CPU
		{9F9164B5-60DE-4544-B7FB-CEB97D7E42DC}.Debug|Any CPU.Build.0 = Debug|Any CPU
		{9F9164B5-60DE-4544-B7FB-CEB97D7E42DC}.Release|Any CPU.ActiveCfg = Release|Any CPU
		{9F9164B5-60DE-4544-B7FB-CEB97D7E42DC}.Release|Any CPU.Build.0 = Release|Any CPU
		{FFB7AD8A-A002-4267-8657-863F00B28BD3}.Debug|Any CPU.ActiveCfg = Debug|Any CPU
		{FFB7AD8A-A002-4267-8657-863F00B28BD3}.Debug|Any CPU.Build.0 = Debug|Any CPU
		{FFB7AD8A-A002-4267-8657-863F00B28BD3}.Release|Any CPU.ActiveCfg = Release|Any CPU
		{FFB7AD8A-A002-4267-8657-863F00B28BD3}.Release|Any CPU.Build.0 = Release|Any CPU
		{5CD89D52-9221-4665-92A8-2D243279AD9A}.Debug|Any CPU.ActiveCfg = Debug|Any CPU
		{5CD89D52-9221-4665-92A8-2D243279AD9A}.Debug|Any CPU.Build.0 = Debug|Any CPU
		{5CD89D52-9221-4665-92A8-2D243279AD9A}.Release|Any CPU.ActiveCfg = Release|Any CPU
		{5CD89D52-9221-4665-92A8-2D243279AD9A}.Release|Any CPU.Build.0 = Release|Any CPU
		{7D2847FE-2F8E-45CB-BA5C-3EB13C521298}.Debug|Any CPU.ActiveCfg = Debug|Any CPU
		{7D2847FE-2F8E-45CB-BA5C-3EB13C521298}.Debug|Any CPU.Build.0 = Debug|Any CPU
		{7D2847FE-2F8E-45CB-BA5C-3EB13C521298}.Release|Any CPU.ActiveCfg = Release|Any CPU
		{7D2847FE-2F8E-45CB-BA5C-3EB13C521298}.Release|Any CPU.Build.0 = Release|Any CPU
		{36C010BA-3B49-4B47-BC73-C5F36A608E27}.Debug|Any CPU.ActiveCfg = Debug|Any CPU
		{36C010BA-3B49-4B47-BC73-C5F36A608E27}.Debug|Any CPU.Build.0 = Debug|Any CPU
		{36C010BA-3B49-4B47-BC73-C5F36A608E27}.Release|Any CPU.ActiveCfg = Release|Any CPU
		{36C010BA-3B49-4B47-BC73-C5F36A608E27}.Release|Any CPU.Build.0 = Release|Any CPU
		{22C7702C-4D13-4EAE-ADC7-D63548EE99BA}.Debug|Any CPU.ActiveCfg = Debug|Any CPU
		{22C7702C-4D13-4EAE-ADC7-D63548EE99BA}.Debug|Any CPU.Build.0 = Debug|Any CPU
		{22C7702C-4D13-4EAE-ADC7-D63548EE99BA}.Release|Any CPU.ActiveCfg = Release|Any CPU
		{22C7702C-4D13-4EAE-ADC7-D63548EE99BA}.Release|Any CPU.Build.0 = Release|Any CPU
		{3B7A9692-EC99-4D03-9F25-74E45E12D3AE}.Debug|Any CPU.ActiveCfg = Debug|Any CPU
		{3B7A9692-EC99-4D03-9F25-74E45E12D3AE}.Debug|Any CPU.Build.0 = Debug|Any CPU
		{3B7A9692-EC99-4D03-9F25-74E45E12D3AE}.Release|Any CPU.ActiveCfg = Release|Any CPU
		{3B7A9692-EC99-4D03-9F25-74E45E12D3AE}.Release|Any CPU.Build.0 = Release|Any CPU
		{89CE4694-BC4C-45F1-B1AB-B1B6C096011F}.Debug|Any CPU.ActiveCfg = Debug|Any CPU
		{89CE4694-BC4C-45F1-B1AB-B1B6C096011F}.Debug|Any CPU.Build.0 = Debug|Any CPU
		{89CE4694-BC4C-45F1-B1AB-B1B6C096011F}.Release|Any CPU.ActiveCfg = Release|Any CPU
		{89CE4694-BC4C-45F1-B1AB-B1B6C096011F}.Release|Any CPU.Build.0 = Release|Any CPU
		{DA26EB6D-7964-4669-A199-F1894FAD3409}.Debug|Any CPU.ActiveCfg = Debug|Any CPU
		{DA26EB6D-7964-4669-A199-F1894FAD3409}.Debug|Any CPU.Build.0 = Debug|Any CPU
		{DA26EB6D-7964-4669-A199-F1894FAD3409}.Release|Any CPU.ActiveCfg = Release|Any CPU
		{DA26EB6D-7964-4669-A199-F1894FAD3409}.Release|Any CPU.Build.0 = Release|Any CPU
		{7FBA37D3-6E47-49AD-9CD4-22E61F25D341}.Debug|Any CPU.ActiveCfg = Debug|Any CPU
		{7FBA37D3-6E47-49AD-9CD4-22E61F25D341}.Debug|Any CPU.Build.0 = Debug|Any CPU
		{7FBA37D3-6E47-49AD-9CD4-22E61F25D341}.Release|Any CPU.ActiveCfg = Release|Any CPU
		{7FBA37D3-6E47-49AD-9CD4-22E61F25D341}.Release|Any CPU.Build.0 = Release|Any CPU
		{FA88DC08-3EF7-4CA8-BE94-97D6761EFD87}.Debug|Any CPU.ActiveCfg = Debug|Any CPU
		{FA88DC08-3EF7-4CA8-BE94-97D6761EFD87}.Debug|Any CPU.Build.0 = Debug|Any CPU
		{FA88DC08-3EF7-4CA8-BE94-97D6761EFD87}.Release|Any CPU.ActiveCfg = Release|Any CPU
		{FA88DC08-3EF7-4CA8-BE94-97D6761EFD87}.Release|Any CPU.Build.0 = Release|Any CPU
		{03A2D6F8-FA53-498E-BD12-DCAE76E01807}.Debug|Any CPU.ActiveCfg = Debug|Any CPU
		{03A2D6F8-FA53-498E-BD12-DCAE76E01807}.Debug|Any CPU.Build.0 = Debug|Any CPU
		{03A2D6F8-FA53-498E-BD12-DCAE76E01807}.Release|Any CPU.ActiveCfg = Release|Any CPU
		{03A2D6F8-FA53-498E-BD12-DCAE76E01807}.Release|Any CPU.Build.0 = Release|Any CPU
		{B13EC142-DD9D-4F78-BCB7-7126640FF9E0}.Debug|Any CPU.ActiveCfg = Debug|Any CPU
		{B13EC142-DD9D-4F78-BCB7-7126640FF9E0}.Debug|Any CPU.Build.0 = Debug|Any CPU
		{B13EC142-DD9D-4F78-BCB7-7126640FF9E0}.Release|Any CPU.ActiveCfg = Release|Any CPU
		{B13EC142-DD9D-4F78-BCB7-7126640FF9E0}.Release|Any CPU.Build.0 = Release|Any CPU
		{8558E120-A3E0-41E8-84F4-2279FCD668AE}.Debug|Any CPU.ActiveCfg = Debug|Any CPU
		{8558E120-A3E0-41E8-84F4-2279FCD668AE}.Debug|Any CPU.Build.0 = Debug|Any CPU
		{8558E120-A3E0-41E8-84F4-2279FCD668AE}.Release|Any CPU.ActiveCfg = Release|Any CPU
		{8558E120-A3E0-41E8-84F4-2279FCD668AE}.Release|Any CPU.Build.0 = Release|Any CPU
		{0A900875-7943-4D43-B195-948E260A0314}.Debug|Any CPU.ActiveCfg = Debug|Any CPU
		{0A900875-7943-4D43-B195-948E260A0314}.Debug|Any CPU.Build.0 = Debug|Any CPU
		{0A900875-7943-4D43-B195-948E260A0314}.Release|Any CPU.ActiveCfg = Release|Any CPU
		{0A900875-7943-4D43-B195-948E260A0314}.Release|Any CPU.Build.0 = Release|Any CPU
		{99BCA5FE-11E8-41B6-9D50-538E088A1F88}.Debug|Any CPU.ActiveCfg = Debug|Any CPU
		{99BCA5FE-11E8-41B6-9D50-538E088A1F88}.Debug|Any CPU.Build.0 = Debug|Any CPU
		{99BCA5FE-11E8-41B6-9D50-538E088A1F88}.Release|Any CPU.ActiveCfg = Release|Any CPU
		{99BCA5FE-11E8-41B6-9D50-538E088A1F88}.Release|Any CPU.Build.0 = Release|Any CPU
		{F2DDD270-9BE5-4811-8031-E70E702EEFF2}.Debug|Any CPU.ActiveCfg = Debug|Any CPU
		{F2DDD270-9BE5-4811-8031-E70E702EEFF2}.Debug|Any CPU.Build.0 = Debug|Any CPU
		{F2DDD270-9BE5-4811-8031-E70E702EEFF2}.Release|Any CPU.ActiveCfg = Release|Any CPU
		{F2DDD270-9BE5-4811-8031-E70E702EEFF2}.Release|Any CPU.Build.0 = Release|Any CPU
		{3C869966-DAB8-4524-A141-102BEDB2E5D2}.Debug|Any CPU.ActiveCfg = Debug|Any CPU
		{3C869966-DAB8-4524-A141-102BEDB2E5D2}.Debug|Any CPU.Build.0 = Debug|Any CPU
		{3C869966-DAB8-4524-A141-102BEDB2E5D2}.Release|Any CPU.ActiveCfg = Release|Any CPU
		{3C869966-DAB8-4524-A141-102BEDB2E5D2}.Release|Any CPU.Build.0 = Release|Any CPU
		{1C843A3B-791B-4731-AE0A-B231CB43EF43}.Debug|Any CPU.ActiveCfg = Debug|Any CPU
		{1C843A3B-791B-4731-AE0A-B231CB43EF43}.Debug|Any CPU.Build.0 = Debug|Any CPU
		{1C843A3B-791B-4731-AE0A-B231CB43EF43}.Release|Any CPU.ActiveCfg = Release|Any CPU
		{1C843A3B-791B-4731-AE0A-B231CB43EF43}.Release|Any CPU.Build.0 = Release|Any CPU
		{3A38DD94-8D91-4501-9416-3C7BC9B5F195}.Debug|Any CPU.ActiveCfg = Debug|Any CPU
		{3A38DD94-8D91-4501-9416-3C7BC9B5F195}.Debug|Any CPU.Build.0 = Debug|Any CPU
		{3A38DD94-8D91-4501-9416-3C7BC9B5F195}.Release|Any CPU.ActiveCfg = Release|Any CPU
		{3A38DD94-8D91-4501-9416-3C7BC9B5F195}.Release|Any CPU.Build.0 = Release|Any CPU
		{E2027894-DD5D-4B2B-9B56-B2A3293390F1}.Debug|Any CPU.ActiveCfg = Debug|Any CPU
		{E2027894-DD5D-4B2B-9B56-B2A3293390F1}.Debug|Any CPU.Build.0 = Debug|Any CPU
		{E2027894-DD5D-4B2B-9B56-B2A3293390F1}.Release|Any CPU.ActiveCfg = Release|Any CPU
		{E2027894-DD5D-4B2B-9B56-B2A3293390F1}.Release|Any CPU.Build.0 = Release|Any CPU
		{757159A7-4AA0-405A-9AC3-437F30B5DAC9}.Debug|Any CPU.ActiveCfg = Debug|Any CPU
		{757159A7-4AA0-405A-9AC3-437F30B5DAC9}.Debug|Any CPU.Build.0 = Debug|Any CPU
		{757159A7-4AA0-405A-9AC3-437F30B5DAC9}.Release|Any CPU.ActiveCfg = Release|Any CPU
		{757159A7-4AA0-405A-9AC3-437F30B5DAC9}.Release|Any CPU.Build.0 = Release|Any CPU
		{B7DDC738-3568-4979-8F52-228D732D8595}.Debug|Any CPU.ActiveCfg = Debug|Any CPU
		{B7DDC738-3568-4979-8F52-228D732D8595}.Debug|Any CPU.Build.0 = Debug|Any CPU
		{B7DDC738-3568-4979-8F52-228D732D8595}.Release|Any CPU.ActiveCfg = Release|Any CPU
		{B7DDC738-3568-4979-8F52-228D732D8595}.Release|Any CPU.Build.0 = Release|Any CPU
		{732A353F-C588-408A-AC80-4832952A1820}.Debug|Any CPU.ActiveCfg = Debug|Any CPU
		{732A353F-C588-408A-AC80-4832952A1820}.Debug|Any CPU.Build.0 = Debug|Any CPU
		{732A353F-C588-408A-AC80-4832952A1820}.Release|Any CPU.ActiveCfg = Release|Any CPU
		{732A353F-C588-408A-AC80-4832952A1820}.Release|Any CPU.Build.0 = Release|Any CPU
		{E13F9DFE-97B4-4CB3-9A9F-B79FAEF7DBC4}.Debug|Any CPU.ActiveCfg = Debug|Any CPU
		{E13F9DFE-97B4-4CB3-9A9F-B79FAEF7DBC4}.Debug|Any CPU.Build.0 = Debug|Any CPU
		{E13F9DFE-97B4-4CB3-9A9F-B79FAEF7DBC4}.Release|Any CPU.ActiveCfg = Release|Any CPU
		{E13F9DFE-97B4-4CB3-9A9F-B79FAEF7DBC4}.Release|Any CPU.Build.0 = Release|Any CPU
	EndGlobalSection
	GlobalSection(SolutionProperties) = preSolution
		HideSolutionNode = FALSE
	EndGlobalSection
	GlobalSection(NestedProjects) = preSolution
		{2FD7B171-041C-48C7-ABA4-99CEAF56D7C2} = {8D00B953-1B2F-4640-B8EB-ECEE989EE593}
		{B24C3A57-67CF-4C82-9299-FFE4A03CD66B} = {000C8490-E2BB-4D4A-A061-21A26700EB51}
		{B205F752-7883-42C6-9B81-CF2930EB1385} = {000C8490-E2BB-4D4A-A061-21A26700EB51}
		{9F9164B5-60DE-4544-B7FB-CEB97D7E42DC} = {000C8490-E2BB-4D4A-A061-21A26700EB51}
		{FFB7AD8A-A002-4267-8657-863F00B28BD3} = {000C8490-E2BB-4D4A-A061-21A26700EB51}
		{5CD89D52-9221-4665-92A8-2D243279AD9A} = {000C8490-E2BB-4D4A-A061-21A26700EB51}
		{7D2847FE-2F8E-45CB-BA5C-3EB13C521298} = {000C8490-E2BB-4D4A-A061-21A26700EB51}
		{36C010BA-3B49-4B47-BC73-C5F36A608E27} = {D29605E1-E535-4D99-8ADE-D08590DC3280}
		{22C7702C-4D13-4EAE-ADC7-D63548EE99BA} = {BC84FA45-B4EC-4744-A9BB-C328A942A4EA}
		{3B7A9692-EC99-4D03-9F25-74E45E12D3AE} = {BC84FA45-B4EC-4744-A9BB-C328A942A4EA}
		{89CE4694-BC4C-45F1-B1AB-B1B6C096011F} = {BC84FA45-B4EC-4744-A9BB-C328A942A4EA}
		{DA26EB6D-7964-4669-A199-F1894FAD3409} = {3981AA82-C894-4EB7-89F8-5E2493541930}
		{7FBA37D3-6E47-49AD-9CD4-22E61F25D341} = {3981AA82-C894-4EB7-89F8-5E2493541930}
		{FA88DC08-3EF7-4CA8-BE94-97D6761EFD87} = {3981AA82-C894-4EB7-89F8-5E2493541930}
		{03A2D6F8-FA53-498E-BD12-DCAE76E01807} = {3981AA82-C894-4EB7-89F8-5E2493541930}
		{B13EC142-DD9D-4F78-BCB7-7126640FF9E0} = {3981AA82-C894-4EB7-89F8-5E2493541930}
		{8558E120-A3E0-41E8-84F4-2279FCD668AE} = {3981AA82-C894-4EB7-89F8-5E2493541930}
		{0A900875-7943-4D43-B195-948E260A0314} = {000C8490-E2BB-4D4A-A061-21A26700EB51}
		{99BCA5FE-11E8-41B6-9D50-538E088A1F88} = {000C8490-E2BB-4D4A-A061-21A26700EB51}
		{F2DDD270-9BE5-4811-8031-E70E702EEFF2} = {000C8490-E2BB-4D4A-A061-21A26700EB51}
		{3C869966-DAB8-4524-A141-102BEDB2E5D2} = {000C8490-E2BB-4D4A-A061-21A26700EB51}
		{1C843A3B-791B-4731-AE0A-B231CB43EF43} = {000C8490-E2BB-4D4A-A061-21A26700EB51}
		{3A38DD94-8D91-4501-9416-3C7BC9B5F195} = {2FD7B171-041C-48C7-ABA4-99CEAF56D7C2}
		{E2027894-DD5D-4B2B-9B56-B2A3293390F1} = {2FD7B171-041C-48C7-ABA4-99CEAF56D7C2}
		{757159A7-4AA0-405A-9AC3-437F30B5DAC9} = {2FD7B171-041C-48C7-ABA4-99CEAF56D7C2}
		{B7DDC738-3568-4979-8F52-228D732D8595} = {D29605E1-E535-4D99-8ADE-D08590DC3280}
		{732A353F-C588-408A-AC80-4832952A1820} = {9CBEEC28-804C-4879-8172-521A10E1D376}
		{E13F9DFE-97B4-4CB3-9A9F-B79FAEF7DBC4} = {3981AA82-C894-4EB7-89F8-5E2493541930}
	EndGlobalSection
EndGlobal
